// !$*UTF8*$!
{
	archiveVersion = 1;
	classes = {
	};
	objectVersion = 55;
	objects = {

/* Begin PBXBuildFile section */
		5620006228C3931700D921DA /* AppDelegate.swift in Sources */ = {isa = PBXBuildFile; fileRef = 5620006128C3931700D921DA /* AppDelegate.swift */; };
		5620006428C3931700D921DA /* SceneDelegate.swift in Sources */ = {isa = PBXBuildFile; fileRef = 5620006328C3931700D921DA /* SceneDelegate.swift */; };
		5620006628C3931700D921DA /* ViewController.swift in Sources */ = {isa = PBXBuildFile; fileRef = 5620006528C3931700D921DA /* ViewController.swift */; };
		5620006B28C3931800D921DA /* Assets.xcassets in Resources */ = {isa = PBXBuildFile; fileRef = 5620006A28C3931800D921DA /* Assets.xcassets */; };
		5620006E28C3931800D921DA /* LaunchScreen.storyboard in Resources */ = {isa = PBXBuildFile; fileRef = 5620006C28C3931800D921DA /* LaunchScreen.storyboard */; };
		5620007B28C396A700D921DA /* CalcService.swift in Sources */ = {isa = PBXBuildFile; fileRef = 5620007A28C396A700D921DA /* CalcService.swift */; };
		5620007D28C3970900D921DA /* Operations.swift in Sources */ = {isa = PBXBuildFile; fileRef = 5620007C28C3970900D921DA /* Operations.swift */; };
		5620007F28C39A4A00D921DA /* Constants.swift in Sources */ = {isa = PBXBuildFile; fileRef = 5620007E28C39A4A00D921DA /* Constants.swift */; };
		5620008128C3B04C00D921DA /* AppColors.swift in Sources */ = {isa = PBXBuildFile; fileRef = 5620008028C3B04C00D921DA /* AppColors.swift */; };
/* End PBXBuildFile section */

/* Begin PBXFileReference section */
		5620005E28C3931700D921DA /* SimpleCalcFBL.app */ = {isa = PBXFileReference; explicitFileType = wrapper.application; includeInIndex = 0; path = SimpleCalcFBL.app; sourceTree = BUILT_PRODUCTS_DIR; };
		5620006128C3931700D921DA /* AppDelegate.swift */ = {isa = PBXFileReference; lastKnownFileType = sourcecode.swift; path = AppDelegate.swift; sourceTree = "<group>"; };
		5620006328C3931700D921DA /* SceneDelegate.swift */ = {isa = PBXFileReference; lastKnownFileType = sourcecode.swift; path = SceneDelegate.swift; sourceTree = "<group>"; };
		5620006528C3931700D921DA /* ViewController.swift */ = {isa = PBXFileReference; lastKnownFileType = sourcecode.swift; path = ViewController.swift; sourceTree = "<group>"; };
		5620006A28C3931800D921DA /* Assets.xcassets */ = {isa = PBXFileReference; lastKnownFileType = folder.assetcatalog; path = Assets.xcassets; sourceTree = "<group>"; };
		5620006D28C3931800D921DA /* Base */ = {isa = PBXFileReference; lastKnownFileType = file.storyboard; name = Base; path = Base.lproj/LaunchScreen.storyboard; sourceTree = "<group>"; };
		5620006F28C3931800D921DA /* Info.plist */ = {isa = PBXFileReference; lastKnownFileType = text.plist.xml; path = Info.plist; sourceTree = "<group>"; };
		5620007A28C396A700D921DA /* CalcService.swift */ = {isa = PBXFileReference; lastKnownFileType = sourcecode.swift; path = CalcService.swift; sourceTree = "<group>"; };
		5620007C28C3970900D921DA /* Operations.swift */ = {isa = PBXFileReference; lastKnownFileType = sourcecode.swift; path = Operations.swift; sourceTree = "<group>"; };
		5620007E28C39A4A00D921DA /* Constants.swift */ = {isa = PBXFileReference; lastKnownFileType = sourcecode.swift; path = Constants.swift; sourceTree = "<group>"; };
		5620008028C3B04C00D921DA /* AppColors.swift */ = {isa = PBXFileReference; lastKnownFileType = sourcecode.swift; path = AppColors.swift; sourceTree = "<group>"; };
/* End PBXFileReference section */

/* Begin PBXFrameworksBuildPhase section */
		5620005B28C3931700D921DA /* Frameworks */ = {
			isa = PBXFrameworksBuildPhase;
			buildActionMask = 2147483647;
			files = (
			);
			runOnlyForDeploymentPostprocessing = 0;
		};
/* End PBXFrameworksBuildPhase section */

/* Begin PBXGroup section */
		5620005528C3931700D921DA = {
			isa = PBXGroup;
			children = (
				5620006028C3931700D921DA /* SimpleCalcFBL */,
				5620005F28C3931700D921DA /* Products */,
			);
			sourceTree = "<group>";
		};
		5620005F28C3931700D921DA /* Products */ = {
			isa = PBXGroup;
			children = (
				5620005E28C3931700D921DA /* SimpleCalcFBL.app */,
			);
			name = Products;
			sourceTree = "<group>";
		};
		5620006028C3931700D921DA /* SimpleCalcFBL */ = {
			isa = PBXGroup;
			children = (
				5620007828C3963400D921DA /* App */,
				5620007628C3962200D921DA /* Model */,
				5620007528C3961C00D921DA /* ViewController */,
				5620006A28C3931800D921DA /* Assets.xcassets */,
				5620006F28C3931800D921DA /* Info.plist */,
			);
			path = SimpleCalcFBL;
			sourceTree = "<group>";
		};
		5620007528C3961C00D921DA /* ViewController */ = {
			isa = PBXGroup;
			children = (
				5620007928C3964B00D921DA /* MainView */,
				5620006C28C3931800D921DA /* LaunchScreen.storyboard */,
			);
			path = ViewController;
			sourceTree = "<group>";
		};
		5620007628C3962200D921DA /* Model */ = {
			isa = PBXGroup;
			children = (
				5620007A28C396A700D921DA /* CalcService.swift */,
				5620007C28C3970900D921DA /* Operations.swift */,
				5620007E28C39A4A00D921DA /* Constants.swift */,
				5620008028C3B04C00D921DA /* AppColors.swift */,
			);
			path = Model;
			sourceTree = "<group>";
		};
		5620007828C3963400D921DA /* App */ = {
			isa = PBXGroup;
			children = (
				5620006128C3931700D921DA /* AppDelegate.swift */,
				5620006328C3931700D921DA /* SceneDelegate.swift */,
			);
			path = App;
			sourceTree = "<group>";
		};
		5620007928C3964B00D921DA /* MainView */ = {
			isa = PBXGroup;
			children = (
				5620006528C3931700D921DA /* ViewController.swift */,
			);
			path = MainView;
			sourceTree = "<group>";
		};
/* End PBXGroup section */

/* Begin PBXNativeTarget section */
		5620005D28C3931700D921DA /* SimpleCalcFBL */ = {
			isa = PBXNativeTarget;
			buildConfigurationList = 5620007228C3931800D921DA /* Build configuration list for PBXNativeTarget "SimpleCalcFBL" */;
			buildPhases = (
				5620005A28C3931700D921DA /* Sources */,
				5620005B28C3931700D921DA /* Frameworks */,
				5620005C28C3931700D921DA /* Resources */,
			);
			buildRules = (
			);
			dependencies = (
			);
			name = SimpleCalcFBL;
			productName = SimpleCalcFBL;
			productReference = 5620005E28C3931700D921DA /* SimpleCalcFBL.app */;
			productType = "com.apple.product-type.application";
		};
/* End PBXNativeTarget section */

/* Begin PBXProject section */
		5620005628C3931700D921DA /* Project object */ = {
			isa = PBXProject;
			attributes = {
				BuildIndependentTargetsInParallel = 1;
				LastSwiftUpdateCheck = 1330;
				LastUpgradeCheck = 1330;
				TargetAttributes = {
					5620005D28C3931700D921DA = {
						CreatedOnToolsVersion = 13.3;
					};
				};
			};
			buildConfigurationList = 5620005928C3931700D921DA /* Build configuration list for PBXProject "SimpleCalcFBL" */;
			compatibilityVersion = "Xcode 13.0";
			developmentRegion = en;
			hasScannedForEncodings = 0;
			knownRegions = (
				en,
				Base,
			);
			mainGroup = 5620005528C3931700D921DA;
			productRefGroup = 5620005F28C3931700D921DA /* Products */;
			projectDirPath = "";
			projectRoot = "";
			targets = (
				5620005D28C3931700D921DA /* SimpleCalcFBL */,
			);
		};
/* End PBXProject section */

/* Begin PBXResourcesBuildPhase section */
		5620005C28C3931700D921DA /* Resources */ = {
			isa = PBXResourcesBuildPhase;
			buildActionMask = 2147483647;
			files = (
				5620006E28C3931800D921DA /* LaunchScreen.storyboard in Resources */,
				5620006B28C3931800D921DA /* Assets.xcassets in Resources */,
			);
			runOnlyForDeploymentPostprocessing = 0;
		};
/* End PBXResourcesBuildPhase section */

/* Begin PBXSourcesBuildPhase section */
		5620005A28C3931700D921DA /* Sources */ = {
			isa = PBXSourcesBuildPhase;
			buildActionMask = 2147483647;
			files = (
				5620007B28C396A700D921DA /* CalcService.swift in Sources */,
				5620006628C3931700D921DA /* ViewController.swift in Sources */,
				5620006228C3931700D921DA /* AppDelegate.swift in Sources */,
				5620006428C3931700D921DA /* SceneDelegate.swift in Sources */,
				5620008128C3B04C00D921DA /* AppColors.swift in Sources */,
				5620007D28C3970900D921DA /* Operations.swift in Sources */,
				5620007F28C39A4A00D921DA /* Constants.swift in Sources */,
			);
			runOnlyForDeploymentPostprocessing = 0;
		};
/* End PBXSourcesBuildPhase section */

/* Begin PBXVariantGroup section */
		5620006C28C3931800D921DA /* LaunchScreen.storyboard */ = {
			isa = PBXVariantGroup;
			children = (
				5620006D28C3931800D921DA /* Base */,
			);
			name = LaunchScreen.storyboard;
			sourceTree = "<group>";
		};
/* End PBXVariantGroup section */

/* Begin XCBuildConfiguration section */
		5620007028C3931800D921DA /* Debug */ = {
			isa = XCBuildConfiguration;
			buildSettings = {
				ALWAYS_SEARCH_USER_PATHS = NO;
				CLANG_ANALYZER_NONNULL = YES;
				CLANG_ANALYZER_NUMBER_OBJECT_CONVERSION = YES_AGGRESSIVE;
				CLANG_CXX_LANGUAGE_STANDARD = "gnu++17";
				CLANG_ENABLE_MODULES = YES;
				CLANG_ENABLE_OBJC_ARC = YES;
				CLANG_ENABLE_OBJC_WEAK = YES;
				CLANG_WARN_BLOCK_CAPTURE_AUTORELEASING = YES;
				CLANG_WARN_BOOL_CONVERSION = YES;
				CLANG_WARN_COMMA = YES;
				CLANG_WARN_CONSTANT_CONVERSION = YES;
				CLANG_WARN_DEPRECATED_OBJC_IMPLEMENTATIONS = YES;
				CLANG_WARN_DIRECT_OBJC_ISA_USAGE = YES_ERROR;
				CLANG_WARN_DOCUMENTATION_COMMENTS = YES;
				CLANG_WARN_EMPTY_BODY = YES;
				CLANG_WARN_ENUM_CONVERSION = YES;
				CLANG_WARN_INFINITE_RECURSION = YES;
				CLANG_WARN_INT_CONVERSION = YES;
				CLANG_WARN_NON_LITERAL_NULL_CONVERSION = YES;
				CLANG_WARN_OBJC_IMPLICIT_RETAIN_SELF = YES;
				CLANG_WARN_OBJC_LITERAL_CONVERSION = YES;
				CLANG_WARN_OBJC_ROOT_CLASS = YES_ERROR;
				CLANG_WARN_QUOTED_INCLUDE_IN_FRAMEWORK_HEADER = YES;
				CLANG_WARN_RANGE_LOOP_ANALYSIS = YES;
				CLANG_WARN_STRICT_PROTOTYPES = YES;
				CLANG_WARN_SUSPICIOUS_MOVE = YES;
				CLANG_WARN_UNGUARDED_AVAILABILITY = YES_AGGRESSIVE;
				CLANG_WARN_UNREACHABLE_CODE = YES;
				CLANG_WARN__DUPLICATE_METHOD_MATCH = YES;
				COPY_PHASE_STRIP = NO;
				DEBUG_INFORMATION_FORMAT = dwarf;
				ENABLE_STRICT_OBJC_MSGSEND = YES;
				ENABLE_TESTABILITY = YES;
				GCC_C_LANGUAGE_STANDARD = gnu11;
				GCC_DYNAMIC_NO_PIC = NO;
				GCC_NO_COMMON_BLOCKS = YES;
				GCC_OPTIMIZATION_LEVEL = 0;
				GCC_PREPROCESSOR_DEFINITIONS = (
					"DEBUG=1",
					"$(inherited)",
				);
				GCC_WARN_64_TO_32_BIT_CONVERSION = YES;
				GCC_WARN_ABOUT_RETURN_TYPE = YES_ERROR;
				GCC_WARN_UNDECLARED_SELECTOR = YES;
				GCC_WARN_UNINITIALIZED_AUTOS = YES_AGGRESSIVE;
				GCC_WARN_UNUSED_FUNCTION = YES;
				GCC_WARN_UNUSED_VARIABLE = YES;
				IPHONEOS_DEPLOYMENT_TARGET = 15.4;
				MTL_ENABLE_DEBUG_INFO = INCLUDE_SOURCE;
				MTL_FAST_MATH = YES;
				ONLY_ACTIVE_ARCH = YES;
				SDKROOT = iphoneos;
				SWIFT_ACTIVE_COMPILATION_CONDITIONS = DEBUG;
				SWIFT_OPTIMIZATION_LEVEL = "-Onone";
			};
			name = Debug;
		};
		5620007128C3931800D921DA /* Release */ = {
			isa = XCBuildConfiguration;
			buildSettings = {
				ALWAYS_SEARCH_USER_PATHS = NO;
				CLANG_ANALYZER_NONNULL = YES;
				CLANG_ANALYZER_NUMBER_OBJECT_CONVERSION = YES_AGGRESSIVE;
				CLANG_CXX_LANGUAGE_STANDARD = "gnu++17";
				CLANG_ENABLE_MODULES = YES;
				CLANG_ENABLE_OBJC_ARC = YES;
				CLANG_ENABLE_OBJC_WEAK = YES;
				CLANG_WARN_BLOCK_CAPTURE_AUTORELEASING = YES;
				CLANG_WARN_BOOL_CONVERSION = YES;
				CLANG_WARN_COMMA = YES;
				CLANG_WARN_CONSTANT_CONVERSION = YES;
				CLANG_WARN_DEPRECATED_OBJC_IMPLEMENTATIONS = YES;
				CLANG_WARN_DIRECT_OBJC_ISA_USAGE = YES_ERROR;
				CLANG_WARN_DOCUMENTATION_COMMENTS = YES;
				CLANG_WARN_EMPTY_BODY = YES;
				CLANG_WARN_ENUM_CONVERSION = YES;
				CLANG_WARN_INFINITE_RECURSION = YES;
				CLANG_WARN_INT_CONVERSION = YES;
				CLANG_WARN_NON_LITERAL_NULL_CONVERSION = YES;
				CLANG_WARN_OBJC_IMPLICIT_RETAIN_SELF = YES;
				CLANG_WARN_OBJC_LITERAL_CONVERSION = YES;
				CLANG_WARN_OBJC_ROOT_CLASS = YES_ERROR;
				CLANG_WARN_QUOTED_INCLUDE_IN_FRAMEWORK_HEADER = YES;
				CLANG_WARN_RANGE_LOOP_ANALYSIS = YES;
				CLANG_WARN_STRICT_PROTOTYPES = YES;
				CLANG_WARN_SUSPICIOUS_MOVE = YES;
				CLANG_WARN_UNGUARDED_AVAILABILITY = YES_AGGRESSIVE;
				CLANG_WARN_UNREACHABLE_CODE = YES;
				CLANG_WARN__DUPLICATE_METHOD_MATCH = YES;
				COPY_PHASE_STRIP = NO;
				DEBUG_INFORMATION_FORMAT = "dwarf-with-dsym";
				ENABLE_NS_ASSERTIONS = NO;
				ENABLE_STRICT_OBJC_MSGSEND = YES;
				GCC_C_LANGUAGE_STANDARD = gnu11;
				GCC_NO_COMMON_BLOCKS = YES;
				GCC_WARN_64_TO_32_BIT_CONVERSION = YES;
				GCC_WARN_ABOUT_RETURN_TYPE = YES_ERROR;
				GCC_WARN_UNDECLARED_SELECTOR = YES;
				GCC_WARN_UNINITIALIZED_AUTOS = YES_AGGRESSIVE;
				GCC_WARN_UNUSED_FUNCTION = YES;
				GCC_WARN_UNUSED_VARIABLE = YES;
				IPHONEOS_DEPLOYMENT_TARGET = 15.4;
				MTL_ENABLE_DEBUG_INFO = NO;
				MTL_FAST_MATH = YES;
				SDKROOT = iphoneos;
				SWIFT_COMPILATION_MODE = wholemodule;
				SWIFT_OPTIMIZATION_LEVEL = "-O";
				VALIDATE_PRODUCT = YES;
			};
			name = Release;
		};
		5620007328C3931800D921DA /* Debug */ = {
			isa = XCBuildConfiguration;
			buildSettings = {
				ASSETCATALOG_COMPILER_APPICON_NAME = AppIcon;
				ASSETCATALOG_COMPILER_GLOBAL_ACCENT_COLOR_NAME = AccentColor;
				CODE_SIGN_STYLE = Automatic;
				CURRENT_PROJECT_VERSION = 1;
				DEVELOPMENT_TEAM = Y8WAQNS7U8;
				GENERATE_INFOPLIST_FILE = YES;
				INFOPLIST_FILE = SimpleCalcFBL/Info.plist;
				INFOPLIST_KEY_UIApplicationSupportsIndirectInputEvents = YES;
				INFOPLIST_KEY_UILaunchStoryboardName = LaunchScreen;
				INFOPLIST_KEY_UISupportedInterfaceOrientations_iPad = "UIInterfaceOrientationPortrait UIInterfaceOrientationPortraitUpsideDown UIInterfaceOrientationLandscapeLeft UIInterfaceOrientationLandscapeRight";
				INFOPLIST_KEY_UISupportedInterfaceOrientations_iPhone = "UIInterfaceOrientationPortrait UIInterfaceOrientationLandscapeLeft UIInterfaceOrientationLandscapeRight";
				LD_RUNPATH_SEARCH_PATHS = (
					"$(inherited)",
					"@executable_path/Frameworks",
				);
				MARKETING_VERSION = 1.0;
				PRODUCT_BUNDLE_IDENTIFIER = ru.lexone.SimpleCalcFBL;
				PRODUCT_NAME = "$(TARGET_NAME)";
				SWIFT_EMIT_LOC_STRINGS = YES;
				SWIFT_VERSION = 5.0;
				TARGETED_DEVICE_FAMILY = "1,2";
			};
			name = Debug;
		};
		5620007428C3931800D921DA /* Release */ = {
			isa = XCBuildConfiguration;
			buildSettings = {
				ASSETCATALOG_COMPILER_APPICON_NAME = AppIcon;
				ASSETCATALOG_COMPILER_GLOBAL_ACCENT_COLOR_NAME = AccentColor;
				CODE_SIGN_STYLE = Automatic;
				CURRENT_PROJECT_VERSION = 1;
				DEVELOPMENT_TEAM = Y8WAQNS7U8;
				GENERATE_INFOPLIST_FILE = YES;
				INFOPLIST_FILE = SimpleCalcFBL/Info.plist;
				INFOPLIST_KEY_UIApplicationSupportsIndirectInputEvents = YES;
				INFOPLIST_KEY_UILaunchStoryboardName = LaunchScreen;
				INFOPLIST_KEY_UISupportedInterfaceOrientations_iPad = "UIInterfaceOrientationPortrait UIInterfaceOrientationPortraitUpsideDown UIInterfaceOrientationLandscapeLeft UIInterfaceOrientationLandscapeRight";
				INFOPLIST_KEY_UISupportedInterfaceOrientations_iPhone = "UIInterfaceOrientationPortrait UIInterfaceOrientationLandscapeLeft UIInterfaceOrientationLandscapeRight";
				LD_RUNPATH_SEARCH_PATHS = (
					"$(inherited)",
					"@executable_path/Frameworks",
				);
				MARKETING_VERSION = 1.0;
				PRODUCT_BUNDLE_IDENTIFIER = ru.lexone.SimpleCalcFBL;
				PRODUCT_NAME = "$(TARGET_NAME)";
				SWIFT_EMIT_LOC_STRINGS = YES;
				SWIFT_VERSION = 5.0;
				TARGETED_DEVICE_FAMILY = "1,2";
			};
			name = Release;
		};
/* End XCBuildConfiguration section */

/* Begin XCConfigurationList section */
		5620005928C3931700D921DA /* Build configuration list for PBXProject "SimpleCalcFBL" */ = {
			isa = XCConfigurationList;
			buildConfigurations = (
				5620007028C3931800D921DA /* Debug */,
				5620007128C3931800D921DA /* Release */,
			);
			defaultConfigurationIsVisible = 0;
			defaultConfigurationName = Release;
		};
		5620007228C3931800D921DA /* Build configuration list for PBXNativeTarget "SimpleCalcFBL" */ = {
			isa = XCConfigurationList;
			buildConfigurations = (
				5620007328C3931800D921DA /* Debug */,
				5620007428C3931800D921DA /* Release */,
			);
			defaultConfigurationIsVisible = 0;
			defaultConfigurationName = Release;
		};
/* End XCConfigurationList section */
	};
	rootObject = 5620005628C3931700D921DA /* Project object */;
}
