// !$*UTF8*$!
{
	archiveVersion = 1;
	classes = {
	};
	objectVersion = 55;
	objects = {

/* Begin PBXBuildFile section */
		56C710892774B41200110117 /* AppDelegate.swift in Sources */ = {isa = PBXBuildFile; fileRef = 56C710882774B41200110117 /* AppDelegate.swift */; };
		56C7108B2774B41200110117 /* SceneDelegate.swift in Sources */ = {isa = PBXBuildFile; fileRef = 56C7108A2774B41200110117 /* SceneDelegate.swift */; };
		56C7108D2774B41200110117 /* ViewController.swift in Sources */ = {isa = PBXBuildFile; fileRef = 56C7108C2774B41200110117 /* ViewController.swift */; };
		56C710902774B41200110117 /* Main.storyboard in Resources */ = {isa = PBXBuildFile; fileRef = 56C7108E2774B41200110117 /* Main.storyboard */; };
		56C710922774B41500110117 /* Assets.xcassets in Resources */ = {isa = PBXBuildFile; fileRef = 56C710912774B41500110117 /* Assets.xcassets */; };
		56C710952774B41500110117 /* LaunchScreen.storyboard in Resources */ = {isa = PBXBuildFile; fileRef = 56C710932774B41500110117 /* LaunchScreen.storyboard */; };
		56C710A12774B50400110117 /* User.swift in Sources */ = {isa = PBXBuildFile; fileRef = 56C710A02774B50400110117 /* User.swift */; };
		56C710A32774B56800110117 /* ViewModel.swift in Sources */ = {isa = PBXBuildFile; fileRef = 56C710A22774B56800110117 /* ViewModel.swift */; };
		56C710A62774B5C300110117 /* Dynamic.swift in Sources */ = {isa = PBXBuildFile; fileRef = 56C710A52774B5C300110117 /* Dynamic.swift */; };
/* End PBXBuildFile section */

/* Begin PBXFileReference section */
		56C710852774B41200110117 /* MVVM_simple.app */ = {isa = PBXFileReference; explicitFileType = wrapper.application; includeInIndex = 0; path = MVVM_simple.app; sourceTree = BUILT_PRODUCTS_DIR; };
		56C710882774B41200110117 /* AppDelegate.swift */ = {isa = PBXFileReference; lastKnownFileType = sourcecode.swift; path = AppDelegate.swift; sourceTree = "<group>"; };
		56C7108A2774B41200110117 /* SceneDelegate.swift */ = {isa = PBXFileReference; lastKnownFileType = sourcecode.swift; path = SceneDelegate.swift; sourceTree = "<group>"; };
		56C7108C2774B41200110117 /* ViewController.swift */ = {isa = PBXFileReference; lastKnownFileType = sourcecode.swift; path = ViewController.swift; sourceTree = "<group>"; };
		56C7108F2774B41200110117 /* Base */ = {isa = PBXFileReference; lastKnownFileType = file.storyboard; name = Base; path = Base.lproj/Main.storyboard; sourceTree = "<group>"; };
		56C710912774B41500110117 /* Assets.xcassets */ = {isa = PBXFileReference; lastKnownFileType = folder.assetcatalog; path = Assets.xcassets; sourceTree = "<group>"; };
		56C710942774B41500110117 /* Base */ = {isa = PBXFileReference; lastKnownFileType = file.storyboard; name = Base; path = Base.lproj/LaunchScreen.storyboard; sourceTree = "<group>"; };
		56C710962774B41500110117 /* Info.plist */ = {isa = PBXFileReference; lastKnownFileType = text.plist.xml; path = Info.plist; sourceTree = "<group>"; };
		56C710A02774B50400110117 /* User.swift */ = {isa = PBXFileReference; lastKnownFileType = sourcecode.swift; path = User.swift; sourceTree = "<group>"; };
		56C710A22774B56800110117 /* ViewModel.swift */ = {isa = PBXFileReference; lastKnownFileType = sourcecode.swift; path = ViewModel.swift; sourceTree = "<group>"; };
		56C710A52774B5C300110117 /* Dynamic.swift */ = {isa = PBXFileReference; lastKnownFileType = sourcecode.swift; path = Dynamic.swift; sourceTree = "<group>"; };
/* End PBXFileReference section */

/* Begin PBXFrameworksBuildPhase section */
		56C710822774B41200110117 /* Frameworks */ = {
			isa = PBXFrameworksBuildPhase;
			buildActionMask = 2147483647;
			files = (
			);
			runOnlyForDeploymentPostprocessing = 0;
		};
/* End PBXFrameworksBuildPhase section */

/* Begin PBXGroup section */
		56C7107C2774B41100110117 = {
			isa = PBXGroup;
			children = (
				56C710872774B41200110117 /* MVVM_simple */,
				56C710862774B41200110117 /* Products */,
			);
			sourceTree = "<group>";
		};
		56C710862774B41200110117 /* Products */ = {
			isa = PBXGroup;
			children = (
				56C710852774B41200110117 /* MVVM_simple.app */,
			);
			name = Products;
			sourceTree = "<group>";
		};
		56C710872774B41200110117 /* MVVM_simple */ = {
			isa = PBXGroup;
			children = (
				56C7109E2774B4B500110117 /* ViewModels */,
				56C7109D2774B4B000110117 /* Views */,
				56C7109C2774B4A600110117 /* Models */,
				56C710882774B41200110117 /* AppDelegate.swift */,
				56C7108A2774B41200110117 /* SceneDelegate.swift */,
				56C710912774B41500110117 /* Assets.xcassets */,
				56C710962774B41500110117 /* Info.plist */,
			);
			path = MVVM_simple;
			sourceTree = "<group>";
		};
		56C7109C2774B4A600110117 /* Models */ = {
			isa = PBXGroup;
			children = (
				56C710A02774B50400110117 /* User.swift */,
			);
			path = Models;
			sourceTree = "<group>";
		};
		56C7109D2774B4B000110117 /* Views */ = {
			isa = PBXGroup;
			children = (
				56C7108C2774B41200110117 /* ViewController.swift */,
				56C7109F2774B4BE00110117 /* Stryboards */,
			);
			path = Views;
			sourceTree = "<group>";
		};
		56C7109E2774B4B500110117 /* ViewModels */ = {
			isa = PBXGroup;
			children = (
				56C710A42774B5B400110117 /* Bindings */,
				56C710A22774B56800110117 /* ViewModel.swift */,
			);
			path = ViewModels;
			sourceTree = "<group>";
		};
		56C7109F2774B4BE00110117 /* Stryboards */ = {
			isa = PBXGroup;
			children = (
				56C710932774B41500110117 /* LaunchScreen.storyboard */,
				56C7108E2774B41200110117 /* Main.storyboard */,
			);
			path = Stryboards;
			sourceTree = "<group>";
		};
		56C710A42774B5B400110117 /* Bindings */ = {
			isa = PBXGroup;
			children = (
				56C710A52774B5C300110117 /* Dynamic.swift */,
			);
			path = Bindings;
			sourceTree = "<group>";
		};
/* End PBXGroup section */

/* Begin PBXNativeTarget section */
		56C710842774B41200110117 /* MVVM_simple */ = {
			isa = PBXNativeTarget;
			buildConfigurationList = 56C710992774B41500110117 /* Build configuration list for PBXNativeTarget "MVVM_simple" */;
			buildPhases = (
				56C710812774B41200110117 /* Sources */,
				56C710822774B41200110117 /* Frameworks */,
				56C710832774B41200110117 /* Resources */,
			);
			buildRules = (
			);
			dependencies = (
			);
			name = MVVM_simple;
			productName = MVVM_simple;
			productReference = 56C710852774B41200110117 /* MVVM_simple.app */;
			productType = "com.apple.product-type.application";
		};
/* End PBXNativeTarget section */

/* Begin PBXProject section */
		56C7107D2774B41100110117 /* Project object */ = {
			isa = PBXProject;
			attributes = {
				BuildIndependentTargetsInParallel = 1;
				LastSwiftUpdateCheck = 1310;
				LastUpgradeCheck = 1310;
				TargetAttributes = {
					56C710842774B41200110117 = {
						CreatedOnToolsVersion = 13.1;
					};
				};
			};
			buildConfigurationList = 56C710802774B41100110117 /* Build configuration list for PBXProject "MVVM_simple" */;
			compatibilityVersion = "Xcode 13.0";
			developmentRegion = en;
			hasScannedForEncodings = 0;
			knownRegions = (
				en,
				Base,
			);
			mainGroup = 56C7107C2774B41100110117;
			productRefGroup = 56C710862774B41200110117 /* Products */;
			projectDirPath = "";
			projectRoot = "";
			targets = (
				56C710842774B41200110117 /* MVVM_simple */,
			);
		};
/* End PBXProject section */

/* Begin PBXResourcesBuildPhase section */
		56C710832774B41200110117 /* Resources */ = {
			isa = PBXResourcesBuildPhase;
			buildActionMask = 2147483647;
			files = (
				56C710952774B41500110117 /* LaunchScreen.storyboard in Resources */,
				56C710922774B41500110117 /* Assets.xcassets in Resources */,
				56C710902774B41200110117 /* Main.storyboard in Resources */,
			);
			runOnlyForDeploymentPostprocessing = 0;
		};
/* End PBXResourcesBuildPhase section */

/* Begin PBXSourcesBuildPhase section */
		56C710812774B41200110117 /* Sources */ = {
			isa = PBXSourcesBuildPhase;
			buildActionMask = 2147483647;
			files = (
				56C710A32774B56800110117 /* ViewModel.swift in Sources */,
				56C710A12774B50400110117 /* User.swift in Sources */,
				56C7108D2774B41200110117 /* ViewController.swift in Sources */,
				56C710A62774B5C300110117 /* Dynamic.swift in Sources */,
				56C710892774B41200110117 /* AppDelegate.swift in Sources */,
				56C7108B2774B41200110117 /* SceneDelegate.swift in Sources */,
			);
			runOnlyForDeploymentPostprocessing = 0;
		};
/* End PBXSourcesBuildPhase section */

/* Begin PBXVariantGroup section */
		56C7108E2774B41200110117 /* Main.storyboard */ = {
			isa = PBXVariantGroup;
			children = (
				56C7108F2774B41200110117 /* Base */,
			);
			name = Main.storyboard;
			sourceTree = "<group>";
		};
		56C710932774B41500110117 /* LaunchScreen.storyboard */ = {
			isa = PBXVariantGroup;
			children = (
				56C710942774B41500110117 /* Base */,
			);
			name = LaunchScreen.storyboard;
			sourceTree = "<group>";
		};
/* End PBXVariantGroup section */

/* Begin XCBuildConfiguration section */
		56C710972774B41500110117 /* Debug */ = {
			isa = XCBuildConfiguration;
			buildSettings = {
				ALWAYS_SEARCH_USER_PATHS = NO;
				CLANG_ANALYZER_NONNULL = YES;
				CLANG_ANALYZER_NUMBER_OBJECT_CONVERSION = YES_AGGRESSIVE;
				CLANG_CXX_LANGUAGE_STANDARD = "gnu++17";
				CLANG_CXX_LIBRARY = "libc++";
				CLANG_ENABLE_MODULES = YES;
				CLANG_ENABLE_OBJC_ARC = YES;
				CLANG_ENABLE_OBJC_WEAK = YES;
				CLANG_WARN_BLOCK_CAPTURE_AUTORELEASING = YES;
				CLANG_WARN_BOOL_CONVERSION = YES;
				CLANG_WARN_COMMA = YES;
				CLANG_WARN_CONSTANT_CONVERSION = YES;
				CLANG_WARN_DEPRECATED_OBJC_IMPLEMENTATIONS = YES;
				CLANG_WARN_DIRECT_OBJC_ISA_USAGE = YES_ERROR;
				CLANG_WARN_DOCUMENTATION_COMMENTS = YES;
				CLANG_WARN_EMPTY_BODY = YES;
				CLANG_WARN_ENUM_CONVERSION = YES;
				CLANG_WARN_INFINITE_RECURSION = YES;
				CLANG_WARN_INT_CONVERSION = YES;
				CLANG_WARN_NON_LITERAL_NULL_CONVERSION = YES;
				CLANG_WARN_OBJC_IMPLICIT_RETAIN_SELF = YES;
				CLANG_WARN_OBJC_LITERAL_CONVERSION = YES;
				CLANG_WARN_OBJC_ROOT_CLASS = YES_ERROR;
				CLANG_WARN_QUOTED_INCLUDE_IN_FRAMEWORK_HEADER = YES;
				CLANG_WARN_RANGE_LOOP_ANALYSIS = YES;
				CLANG_WARN_STRICT_PROTOTYPES = YES;
				CLANG_WARN_SUSPICIOUS_MOVE = YES;
				CLANG_WARN_UNGUARDED_AVAILABILITY = YES_AGGRESSIVE;
				CLANG_WARN_UNREACHABLE_CODE = YES;
				CLANG_WARN__DUPLICATE_METHOD_MATCH = YES;
				COPY_PHASE_STRIP = NO;
				DEBUG_INFORMATION_FORMAT = dwarf;
				ENABLE_STRICT_OBJC_MSGSEND = YES;
				ENABLE_TESTABILITY = YES;
				GCC_C_LANGUAGE_STANDARD = gnu11;
				GCC_DYNAMIC_NO_PIC = NO;
				GCC_NO_COMMON_BLOCKS = YES;
				GCC_OPTIMIZATION_LEVEL = 0;
				GCC_PREPROCESSOR_DEFINITIONS = (
					"DEBUG=1",
					"$(inherited)",
				);
				GCC_WARN_64_TO_32_BIT_CONVERSION = YES;
				GCC_WARN_ABOUT_RETURN_TYPE = YES_ERROR;
				GCC_WARN_UNDECLARED_SELECTOR = YES;
				GCC_WARN_UNINITIALIZED_AUTOS = YES_AGGRESSIVE;
				GCC_WARN_UNUSED_FUNCTION = YES;
				GCC_WARN_UNUSED_VARIABLE = YES;
				IPHONEOS_DEPLOYMENT_TARGET = 15.0;
				MTL_ENABLE_DEBUG_INFO = INCLUDE_SOURCE;
				MTL_FAST_MATH = YES;
				ONLY_ACTIVE_ARCH = YES;
				SDKROOT = iphoneos;
				SWIFT_ACTIVE_COMPILATION_CONDITIONS = DEBUG;
				SWIFT_OPTIMIZATION_LEVEL = "-Onone";
			};
			name = Debug;
		};
		56C710982774B41500110117 /* Release */ = {
			isa = XCBuildConfiguration;
			buildSettings = {
				ALWAYS_SEARCH_USER_PATHS = NO;
				CLANG_ANALYZER_NONNULL = YES;
				CLANG_ANALYZER_NUMBER_OBJECT_CONVERSION = YES_AGGRESSIVE;
				CLANG_CXX_LANGUAGE_STANDARD = "gnu++17";
				CLANG_CXX_LIBRARY = "libc++";
				CLANG_ENABLE_MODULES = YES;
				CLANG_ENABLE_OBJC_ARC = YES;
				CLANG_ENABLE_OBJC_WEAK = YES;
				CLANG_WARN_BLOCK_CAPTURE_AUTORELEASING = YES;
				CLANG_WARN_BOOL_CONVERSION = YES;
				CLANG_WARN_COMMA = YES;
				CLANG_WARN_CONSTANT_CONVERSION = YES;
				CLANG_WARN_DEPRECATED_OBJC_IMPLEMENTATIONS = YES;
				CLANG_WARN_DIRECT_OBJC_ISA_USAGE = YES_ERROR;
				CLANG_WARN_DOCUMENTATION_COMMENTS = YES;
				CLANG_WARN_EMPTY_BODY = YES;
				CLANG_WARN_ENUM_CONVERSION = YES;
				CLANG_WARN_INFINITE_RECURSION = YES;
				CLANG_WARN_INT_CONVERSION = YES;
				CLANG_WARN_NON_LITERAL_NULL_CONVERSION = YES;
				CLANG_WARN_OBJC_IMPLICIT_RETAIN_SELF = YES;
				CLANG_WARN_OBJC_LITERAL_CONVERSION = YES;
				CLANG_WARN_OBJC_ROOT_CLASS = YES_ERROR;
				CLANG_WARN_QUOTED_INCLUDE_IN_FRAMEWORK_HEADER = YES;
				CLANG_WARN_RANGE_LOOP_ANALYSIS = YES;
				CLANG_WARN_STRICT_PROTOTYPES = YES;
				CLANG_WARN_SUSPICIOUS_MOVE = YES;
				CLANG_WARN_UNGUARDED_AVAILABILITY = YES_AGGRESSIVE;
				CLANG_WARN_UNREACHABLE_CODE = YES;
				CLANG_WARN__DUPLICATE_METHOD_MATCH = YES;
				COPY_PHASE_STRIP = NO;
				DEBUG_INFORMATION_FORMAT = "dwarf-with-dsym";
				ENABLE_NS_ASSERTIONS = NO;
				ENABLE_STRICT_OBJC_MSGSEND = YES;
				GCC_C_LANGUAGE_STANDARD = gnu11;
				GCC_NO_COMMON_BLOCKS = YES;
				GCC_WARN_64_TO_32_BIT_CONVERSION = YES;
				GCC_WARN_ABOUT_RETURN_TYPE = YES_ERROR;
				GCC_WARN_UNDECLARED_SELECTOR = YES;
				GCC_WARN_UNINITIALIZED_AUTOS = YES_AGGRESSIVE;
				GCC_WARN_UNUSED_FUNCTION = YES;
				GCC_WARN_UNUSED_VARIABLE = YES;
				IPHONEOS_DEPLOYMENT_TARGET = 15.0;
				MTL_ENABLE_DEBUG_INFO = NO;
				MTL_FAST_MATH = YES;
				SDKROOT = iphoneos;
				SWIFT_COMPILATION_MODE = wholemodule;
				SWIFT_OPTIMIZATION_LEVEL = "-O";
				VALIDATE_PRODUCT = YES;
			};
			name = Release;
		};
		56C7109A2774B41500110117 /* Debug */ = {
			isa = XCBuildConfiguration;
			buildSettings = {
				ASSETCATALOG_COMPILER_APPICON_NAME = AppIcon;
				ASSETCATALOG_COMPILER_GLOBAL_ACCENT_COLOR_NAME = AccentColor;
				CODE_SIGN_STYLE = Automatic;
				CURRENT_PROJECT_VERSION = 1;
				DEVELOPMENT_TEAM = Y8WAQNS7U8;
				GENERATE_INFOPLIST_FILE = YES;
				INFOPLIST_FILE = MVVM_simple/Info.plist;
				INFOPLIST_KEY_UIApplicationSupportsIndirectInputEvents = YES;
				INFOPLIST_KEY_UILaunchStoryboardName = LaunchScreen;
				INFOPLIST_KEY_UIMainStoryboardFile = Main;
				INFOPLIST_KEY_UISupportedInterfaceOrientations_iPad = "UIInterfaceOrientationPortrait UIInterfaceOrientationPortraitUpsideDown UIInterfaceOrientationLandscapeLeft UIInterfaceOrientationLandscapeRight";
				INFOPLIST_KEY_UISupportedInterfaceOrientations_iPhone = "UIInterfaceOrientationPortrait UIInterfaceOrientationLandscapeLeft UIInterfaceOrientationLandscapeRight";
				LD_RUNPATH_SEARCH_PATHS = (
					"$(inherited)",
					"@executable_path/Frameworks",
				);
				MARKETING_VERSION = 1.0;
				PRODUCT_BUNDLE_IDENTIFIER = "ru.lexone.MVVM-simple";
				PRODUCT_NAME = "$(TARGET_NAME)";
				SWIFT_EMIT_LOC_STRINGS = YES;
				SWIFT_VERSION = 5.0;
				TARGETED_DEVICE_FAMILY = "1,2";
			};
			name = Debug;
		};
		56C7109B2774B41500110117 /* Release */ = {
			isa = XCBuildConfiguration;
			buildSettings = {
				ASSETCATALOG_COMPILER_APPICON_NAME = AppIcon;
				ASSETCATALOG_COMPILER_GLOBAL_ACCENT_COLOR_NAME = AccentColor;
				CODE_SIGN_STYLE = Automatic;
				CURRENT_PROJECT_VERSION = 1;
				DEVELOPMENT_TEAM = Y8WAQNS7U8;
				GENERATE_INFOPLIST_FILE = YES;
				INFOPLIST_FILE = MVVM_simple/Info.plist;
				INFOPLIST_KEY_UIApplicationSupportsIndirectInputEvents = YES;
				INFOPLIST_KEY_UILaunchStoryboardName = LaunchScreen;
				INFOPLIST_KEY_UIMainStoryboardFile = Main;
				INFOPLIST_KEY_UISupportedInterfaceOrientations_iPad = "UIInterfaceOrientationPortrait UIInterfaceOrientationPortraitUpsideDown UIInterfaceOrientationLandscapeLeft UIInterfaceOrientationLandscapeRight";
				INFOPLIST_KEY_UISupportedInterfaceOrientations_iPhone = "UIInterfaceOrientationPortrait UIInterfaceOrientationLandscapeLeft UIInterfaceOrientationLandscapeRight";
				LD_RUNPATH_SEARCH_PATHS = (
					"$(inherited)",
					"@executable_path/Frameworks",
				);
				MARKETING_VERSION = 1.0;
				PRODUCT_BUNDLE_IDENTIFIER = "ru.lexone.MVVM-simple";
				PRODUCT_NAME = "$(TARGET_NAME)";
				SWIFT_EMIT_LOC_STRINGS = YES;
				SWIFT_VERSION = 5.0;
				TARGETED_DEVICE_FAMILY = "1,2";
			};
			name = Release;
		};
/* End XCBuildConfiguration section */

/* Begin XCConfigurationList section */
		56C710802774B41100110117 /* Build configuration list for PBXProject "MVVM_simple" */ = {
			isa = XCConfigurationList;
			buildConfigurations = (
				56C710972774B41500110117 /* Debug */,
				56C710982774B41500110117 /* Release */,
			);
			defaultConfigurationIsVisible = 0;
			defaultConfigurationName = Release;
		};
		56C710992774B41500110117 /* Build configuration list for PBXNativeTarget "MVVM_simple" */ = {
			isa = XCConfigurationList;
			buildConfigurations = (
				56C7109A2774B41500110117 /* Debug */,
				56C7109B2774B41500110117 /* Release */,
			);
			defaultConfigurationIsVisible = 0;
			defaultConfigurationName = Release;
		};
/* End XCConfigurationList section */
	};
	rootObject = 56C7107D2774B41100110117 /* Project object */;
}
