// !$*UTF8*$!
{
	archiveVersion = 1;
	classes = {
	};
	objectVersion = 50;
	objects = {

/* Begin PBXBuildFile section */
		56859DA42712238D00091DBD /* AppDelegate.swift in Sources */ = {isa = PBXBuildFile; fileRef = 56859DA32712238D00091DBD /* AppDelegate.swift */; };
		56859DA62712238D00091DBD /* SceneDelegate.swift in Sources */ = {isa = PBXBuildFile; fileRef = 56859DA52712238D00091DBD /* SceneDelegate.swift */; };
		56859DA82712238D00091DBD /* ViewController.swift in Sources */ = {isa = PBXBuildFile; fileRef = 56859DA72712238D00091DBD /* ViewController.swift */; };
		56859DAB2712238D00091DBD /* Main.storyboard in Resources */ = {isa = PBXBuildFile; fileRef = 56859DA92712238D00091DBD /* Main.storyboard */; };
		56859DAD2712238F00091DBD /* Assets.xcassets in Resources */ = {isa = PBXBuildFile; fileRef = 56859DAC2712238F00091DBD /* Assets.xcassets */; };
		56859DB02712238F00091DBD /* LaunchScreen.storyboard in Resources */ = {isa = PBXBuildFile; fileRef = 56859DAE2712238F00091DBD /* LaunchScreen.storyboard */; };
		56859DBC271223E300091DBD /* Crypto.swift in Sources */ = {isa = PBXBuildFile; fileRef = 56859DBB271223E300091DBD /* Crypto.swift */; };
		56859DBE271224BA00091DBD /* Presenter.swift in Sources */ = {isa = PBXBuildFile; fileRef = 56859DBD271224BA00091DBD /* Presenter.swift */; };
		56859DC02712250400091DBD /* ViewInputDelegate.swift in Sources */ = {isa = PBXBuildFile; fileRef = 56859DBF2712250400091DBD /* ViewInputDelegate.swift */; };
		56859DC2271226B900091DBD /* ViewOutputDelegate.swift in Sources */ = {isa = PBXBuildFile; fileRef = 56859DC1271226B900091DBD /* ViewOutputDelegate.swift */; };
/* End PBXBuildFile section */

/* Begin PBXFileReference section */
		56859DA02712238D00091DBD /* MVP-v002.app */ = {isa = PBXFileReference; explicitFileType = wrapper.application; includeInIndex = 0; path = "MVP-v002.app"; sourceTree = BUILT_PRODUCTS_DIR; };
		56859DA32712238D00091DBD /* AppDelegate.swift */ = {isa = PBXFileReference; lastKnownFileType = sourcecode.swift; path = AppDelegate.swift; sourceTree = "<group>"; };
		56859DA52712238D00091DBD /* SceneDelegate.swift */ = {isa = PBXFileReference; lastKnownFileType = sourcecode.swift; path = SceneDelegate.swift; sourceTree = "<group>"; };
		56859DA72712238D00091DBD /* ViewController.swift */ = {isa = PBXFileReference; lastKnownFileType = sourcecode.swift; path = ViewController.swift; sourceTree = "<group>"; };
		56859DAA2712238D00091DBD /* Base */ = {isa = PBXFileReference; lastKnownFileType = file.storyboard; name = Base; path = Base.lproj/Main.storyboard; sourceTree = "<group>"; };
		56859DAC2712238F00091DBD /* Assets.xcassets */ = {isa = PBXFileReference; lastKnownFileType = folder.assetcatalog; path = Assets.xcassets; sourceTree = "<group>"; };
		56859DAF2712238F00091DBD /* Base */ = {isa = PBXFileReference; lastKnownFileType = file.storyboard; name = Base; path = Base.lproj/LaunchScreen.storyboard; sourceTree = "<group>"; };
		56859DB12712238F00091DBD /* Info.plist */ = {isa = PBXFileReference; lastKnownFileType = text.plist.xml; path = Info.plist; sourceTree = "<group>"; };
		56859DBB271223E300091DBD /* Crypto.swift */ = {isa = PBXFileReference; lastKnownFileType = sourcecode.swift; path = Crypto.swift; sourceTree = "<group>"; };
		56859DBD271224BA00091DBD /* Presenter.swift */ = {isa = PBXFileReference; lastKnownFileType = sourcecode.swift; path = Presenter.swift; sourceTree = "<group>"; };
		56859DBF2712250400091DBD /* ViewInputDelegate.swift */ = {isa = PBXFileReference; lastKnownFileType = sourcecode.swift; path = ViewInputDelegate.swift; sourceTree = "<group>"; };
		56859DC1271226B900091DBD /* ViewOutputDelegate.swift */ = {isa = PBXFileReference; lastKnownFileType = sourcecode.swift; path = ViewOutputDelegate.swift; sourceTree = "<group>"; };
/* End PBXFileReference section */

/* Begin PBXFrameworksBuildPhase section */
		56859D9D2712238D00091DBD /* Frameworks */ = {
			isa = PBXFrameworksBuildPhase;
			buildActionMask = 2147483647;
			files = (
			);
			runOnlyForDeploymentPostprocessing = 0;
		};
/* End PBXFrameworksBuildPhase section */

/* Begin PBXGroup section */
		56859D972712238D00091DBD = {
			isa = PBXGroup;
			children = (
				56859DA22712238D00091DBD /* MVP-v002 */,
				56859DA12712238D00091DBD /* Products */,
			);
			sourceTree = "<group>";
		};
		56859DA12712238D00091DBD /* Products */ = {
			isa = PBXGroup;
			children = (
				56859DA02712238D00091DBD /* MVP-v002.app */,
			);
			name = Products;
			sourceTree = "<group>";
		};
		56859DA22712238D00091DBD /* MVP-v002 */ = {
			isa = PBXGroup;
			children = (
				56859DBA271223C200091DBD /* Presenters */,
				56859DB9271223BC00091DBD /* Views */,
				56859DB8271223B600091DBD /* Models */,
				56859DB7271223AA00091DBD /* App */,
				56859DA92712238D00091DBD /* Main.storyboard */,
				56859DAC2712238F00091DBD /* Assets.xcassets */,
				56859DAE2712238F00091DBD /* LaunchScreen.storyboard */,
				56859DB12712238F00091DBD /* Info.plist */,
			);
			path = "MVP-v002";
			sourceTree = "<group>";
		};
		56859DB7271223AA00091DBD /* App */ = {
			isa = PBXGroup;
			children = (
				56859DA32712238D00091DBD /* AppDelegate.swift */,
				56859DA52712238D00091DBD /* SceneDelegate.swift */,
			);
			path = App;
			sourceTree = "<group>";
		};
		56859DB8271223B600091DBD /* Models */ = {
			isa = PBXGroup;
			children = (
				56859DBB271223E300091DBD /* Crypto.swift */,
			);
			path = Models;
			sourceTree = "<group>";
		};
		56859DB9271223BC00091DBD /* Views */ = {
			isa = PBXGroup;
			children = (
				56859DA72712238D00091DBD /* ViewController.swift */,
				56859DBF2712250400091DBD /* ViewInputDelegate.swift */,
				56859DC1271226B900091DBD /* ViewOutputDelegate.swift */,
			);
			path = Views;
			sourceTree = "<group>";
		};
		56859DBA271223C200091DBD /* Presenters */ = {
			isa = PBXGroup;
			children = (
				56859DBD271224BA00091DBD /* Presenter.swift */,
			);
			path = Presenters;
			sourceTree = "<group>";
		};
/* End PBXGroup section */

/* Begin PBXNativeTarget section */
		56859D9F2712238D00091DBD /* MVP-v002 */ = {
			isa = PBXNativeTarget;
			buildConfigurationList = 56859DB42712238F00091DBD /* Build configuration list for PBXNativeTarget "MVP-v002" */;
			buildPhases = (
				56859D9C2712238D00091DBD /* Sources */,
				56859D9D2712238D00091DBD /* Frameworks */,
				56859D9E2712238D00091DBD /* Resources */,
			);
			buildRules = (
			);
			dependencies = (
			);
			name = "MVP-v002";
			productName = "MVP-v002";
			productReference = 56859DA02712238D00091DBD /* MVP-v002.app */;
			productType = "com.apple.product-type.application";
		};
/* End PBXNativeTarget section */

/* Begin PBXProject section */
		56859D982712238D00091DBD /* Project object */ = {
			isa = PBXProject;
			attributes = {
				LastSwiftUpdateCheck = 1250;
				LastUpgradeCheck = 1250;
				TargetAttributes = {
					56859D9F2712238D00091DBD = {
						CreatedOnToolsVersion = 12.5.1;
					};
				};
			};
			buildConfigurationList = 56859D9B2712238D00091DBD /* Build configuration list for PBXProject "MVP-v002" */;
			compatibilityVersion = "Xcode 9.3";
			developmentRegion = en;
			hasScannedForEncodings = 0;
			knownRegions = (
				en,
				Base,
			);
			mainGroup = 56859D972712238D00091DBD;
			productRefGroup = 56859DA12712238D00091DBD /* Products */;
			projectDirPath = "";
			projectRoot = "";
			targets = (
				56859D9F2712238D00091DBD /* MVP-v002 */,
			);
		};
/* End PBXProject section */

/* Begin PBXResourcesBuildPhase section */
		56859D9E2712238D00091DBD /* Resources */ = {
			isa = PBXResourcesBuildPhase;
			buildActionMask = 2147483647;
			files = (
				56859DB02712238F00091DBD /* LaunchScreen.storyboard in Resources */,
				56859DAD2712238F00091DBD /* Assets.xcassets in Resources */,
				56859DAB2712238D00091DBD /* Main.storyboard in Resources */,
			);
			runOnlyForDeploymentPostprocessing = 0;
		};
/* End PBXResourcesBuildPhase section */

/* Begin PBXSourcesBuildPhase section */
		56859D9C2712238D00091DBD /* Sources */ = {
			isa = PBXSourcesBuildPhase;
			buildActionMask = 2147483647;
			files = (
				56859DC02712250400091DBD /* ViewInputDelegate.swift in Sources */,
				56859DBC271223E300091DBD /* Crypto.swift in Sources */,
				56859DC2271226B900091DBD /* ViewOutputDelegate.swift in Sources */,
				56859DA82712238D00091DBD /* ViewController.swift in Sources */,
				56859DA42712238D00091DBD /* AppDelegate.swift in Sources */,
				56859DBE271224BA00091DBD /* Presenter.swift in Sources */,
				56859DA62712238D00091DBD /* SceneDelegate.swift in Sources */,
			);
			runOnlyForDeploymentPostprocessing = 0;
		};
/* End PBXSourcesBuildPhase section */

/* Begin PBXVariantGroup section */
		56859DA92712238D00091DBD /* Main.storyboard */ = {
			isa = PBXVariantGroup;
			children = (
				56859DAA2712238D00091DBD /* Base */,
			);
			name = Main.storyboard;
			sourceTree = "<group>";
		};
		56859DAE2712238F00091DBD /* LaunchScreen.storyboard */ = {
			isa = PBXVariantGroup;
			children = (
				56859DAF2712238F00091DBD /* Base */,
			);
			name = LaunchScreen.storyboard;
			sourceTree = "<group>";
		};
/* End PBXVariantGroup section */

/* Begin XCBuildConfiguration section */
		56859DB22712238F00091DBD /* Debug */ = {
			isa = XCBuildConfiguration;
			buildSettings = {
				ALWAYS_SEARCH_USER_PATHS = NO;
				CLANG_ANALYZER_NONNULL = YES;
				CLANG_ANALYZER_NUMBER_OBJECT_CONVERSION = YES_AGGRESSIVE;
				CLANG_CXX_LANGUAGE_STANDARD = "gnu++14";
				CLANG_CXX_LIBRARY = "libc++";
				CLANG_ENABLE_MODULES = YES;
				CLANG_ENABLE_OBJC_ARC = YES;
				CLANG_ENABLE_OBJC_WEAK = YES;
				CLANG_WARN_BLOCK_CAPTURE_AUTORELEASING = YES;
				CLANG_WARN_BOOL_CONVERSION = YES;
				CLANG_WARN_COMMA = YES;
				CLANG_WARN_CONSTANT_CONVERSION = YES;
				CLANG_WARN_DEPRECATED_OBJC_IMPLEMENTATIONS = YES;
				CLANG_WARN_DIRECT_OBJC_ISA_USAGE = YES_ERROR;
				CLANG_WARN_DOCUMENTATION_COMMENTS = YES;
				CLANG_WARN_EMPTY_BODY = YES;
				CLANG_WARN_ENUM_CONVERSION = YES;
				CLANG_WARN_INFINITE_RECURSION = YES;
				CLANG_WARN_INT_CONVERSION = YES;
				CLANG_WARN_NON_LITERAL_NULL_CONVERSION = YES;
				CLANG_WARN_OBJC_IMPLICIT_RETAIN_SELF = YES;
				CLANG_WARN_OBJC_LITERAL_CONVERSION = YES;
				CLANG_WARN_OBJC_ROOT_CLASS = YES_ERROR;
				CLANG_WARN_QUOTED_INCLUDE_IN_FRAMEWORK_HEADER = YES;
				CLANG_WARN_RANGE_LOOP_ANALYSIS = YES;
				CLANG_WARN_STRICT_PROTOTYPES = YES;
				CLANG_WARN_SUSPICIOUS_MOVE = YES;
				CLANG_WARN_UNGUARDED_AVAILABILITY = YES_AGGRESSIVE;
				CLANG_WARN_UNREACHABLE_CODE = YES;
				CLANG_WARN__DUPLICATE_METHOD_MATCH = YES;
				COPY_PHASE_STRIP = NO;
				DEBUG_INFORMATION_FORMAT = dwarf;
				ENABLE_STRICT_OBJC_MSGSEND = YES;
				ENABLE_TESTABILITY = YES;
				GCC_C_LANGUAGE_STANDARD = gnu11;
				GCC_DYNAMIC_NO_PIC = NO;
				GCC_NO_COMMON_BLOCKS = YES;
				GCC_OPTIMIZATION_LEVEL = 0;
				GCC_PREPROCESSOR_DEFINITIONS = (
					"DEBUG=1",
					"$(inherited)",
				);
				GCC_WARN_64_TO_32_BIT_CONVERSION = YES;
				GCC_WARN_ABOUT_RETURN_TYPE = YES_ERROR;
				GCC_WARN_UNDECLARED_SELECTOR = YES;
				GCC_WARN_UNINITIALIZED_AUTOS = YES_AGGRESSIVE;
				GCC_WARN_UNUSED_FUNCTION = YES;
				GCC_WARN_UNUSED_VARIABLE = YES;
				IPHONEOS_DEPLOYMENT_TARGET = 14.5;
				MTL_ENABLE_DEBUG_INFO = INCLUDE_SOURCE;
				MTL_FAST_MATH = YES;
				ONLY_ACTIVE_ARCH = YES;
				SDKROOT = iphoneos;
				SWIFT_ACTIVE_COMPILATION_CONDITIONS = DEBUG;
				SWIFT_OPTIMIZATION_LEVEL = "-Onone";
			};
			name = Debug;
		};
		56859DB32712238F00091DBD /* Release */ = {
			isa = XCBuildConfiguration;
			buildSettings = {
				ALWAYS_SEARCH_USER_PATHS = NO;
				CLANG_ANALYZER_NONNULL = YES;
				CLANG_ANALYZER_NUMBER_OBJECT_CONVERSION = YES_AGGRESSIVE;
				CLANG_CXX_LANGUAGE_STANDARD = "gnu++14";
				CLANG_CXX_LIBRARY = "libc++";
				CLANG_ENABLE_MODULES = YES;
				CLANG_ENABLE_OBJC_ARC = YES;
				CLANG_ENABLE_OBJC_WEAK = YES;
				CLANG_WARN_BLOCK_CAPTURE_AUTORELEASING = YES;
				CLANG_WARN_BOOL_CONVERSION = YES;
				CLANG_WARN_COMMA = YES;
				CLANG_WARN_CONSTANT_CONVERSION = YES;
				CLANG_WARN_DEPRECATED_OBJC_IMPLEMENTATIONS = YES;
				CLANG_WARN_DIRECT_OBJC_ISA_USAGE = YES_ERROR;
				CLANG_WARN_DOCUMENTATION_COMMENTS = YES;
				CLANG_WARN_EMPTY_BODY = YES;
				CLANG_WARN_ENUM_CONVERSION = YES;
				CLANG_WARN_INFINITE_RECURSION = YES;
				CLANG_WARN_INT_CONVERSION = YES;
				CLANG_WARN_NON_LITERAL_NULL_CONVERSION = YES;
				CLANG_WARN_OBJC_IMPLICIT_RETAIN_SELF = YES;
				CLANG_WARN_OBJC_LITERAL_CONVERSION = YES;
				CLANG_WARN_OBJC_ROOT_CLASS = YES_ERROR;
				CLANG_WARN_QUOTED_INCLUDE_IN_FRAMEWORK_HEADER = YES;
				CLANG_WARN_RANGE_LOOP_ANALYSIS = YES;
				CLANG_WARN_STRICT_PROTOTYPES = YES;
				CLANG_WARN_SUSPICIOUS_MOVE = YES;
				CLANG_WARN_UNGUARDED_AVAILABILITY = YES_AGGRESSIVE;
				CLANG_WARN_UNREACHABLE_CODE = YES;
				CLANG_WARN__DUPLICATE_METHOD_MATCH = YES;
				COPY_PHASE_STRIP = NO;
				DEBUG_INFORMATION_FORMAT = "dwarf-with-dsym";
				ENABLE_NS_ASSERTIONS = NO;
				ENABLE_STRICT_OBJC_MSGSEND = YES;
				GCC_C_LANGUAGE_STANDARD = gnu11;
				GCC_NO_COMMON_BLOCKS = YES;
				GCC_WARN_64_TO_32_BIT_CONVERSION = YES;
				GCC_WARN_ABOUT_RETURN_TYPE = YES_ERROR;
				GCC_WARN_UNDECLARED_SELECTOR = YES;
				GCC_WARN_UNINITIALIZED_AUTOS = YES_AGGRESSIVE;
				GCC_WARN_UNUSED_FUNCTION = YES;
				GCC_WARN_UNUSED_VARIABLE = YES;
				IPHONEOS_DEPLOYMENT_TARGET = 14.5;
				MTL_ENABLE_DEBUG_INFO = NO;
				MTL_FAST_MATH = YES;
				SDKROOT = iphoneos;
				SWIFT_COMPILATION_MODE = wholemodule;
				SWIFT_OPTIMIZATION_LEVEL = "-O";
				VALIDATE_PRODUCT = YES;
			};
			name = Release;
		};
		56859DB52712238F00091DBD /* Debug */ = {
			isa = XCBuildConfiguration;
			buildSettings = {
				ASSETCATALOG_COMPILER_APPICON_NAME = AppIcon;
				ASSETCATALOG_COMPILER_GLOBAL_ACCENT_COLOR_NAME = AccentColor;
				CODE_SIGN_STYLE = Automatic;
				DEVELOPMENT_TEAM = Y8WAQNS7U8;
				INFOPLIST_FILE = "MVP-v002/Info.plist";
				LD_RUNPATH_SEARCH_PATHS = (
					"$(inherited)",
					"@executable_path/Frameworks",
				);
				PRODUCT_BUNDLE_IDENTIFIER = "ru.lexone.MVP-v002";
				PRODUCT_NAME = "$(TARGET_NAME)";
				SWIFT_VERSION = 5.0;
				TARGETED_DEVICE_FAMILY = "1,2";
			};
			name = Debug;
		};
		56859DB62712238F00091DBD /* Release */ = {
			isa = XCBuildConfiguration;
			buildSettings = {
				ASSETCATALOG_COMPILER_APPICON_NAME = AppIcon;
				ASSETCATALOG_COMPILER_GLOBAL_ACCENT_COLOR_NAME = AccentColor;
				CODE_SIGN_STYLE = Automatic;
				DEVELOPMENT_TEAM = Y8WAQNS7U8;
				INFOPLIST_FILE = "MVP-v002/Info.plist";
				LD_RUNPATH_SEARCH_PATHS = (
					"$(inherited)",
					"@executable_path/Frameworks",
				);
				PRODUCT_BUNDLE_IDENTIFIER = "ru.lexone.MVP-v002";
				PRODUCT_NAME = "$(TARGET_NAME)";
				SWIFT_VERSION = 5.0;
				TARGETED_DEVICE_FAMILY = "1,2";
			};
			name = Release;
		};
/* End XCBuildConfiguration section */

/* Begin XCConfigurationList section */
		56859D9B2712238D00091DBD /* Build configuration list for PBXProject "MVP-v002" */ = {
			isa = XCConfigurationList;
			buildConfigurations = (
				56859DB22712238F00091DBD /* Debug */,
				56859DB32712238F00091DBD /* Release */,
			);
			defaultConfigurationIsVisible = 0;
			defaultConfigurationName = Release;
		};
		56859DB42712238F00091DBD /* Build configuration list for PBXNativeTarget "MVP-v002" */ = {
			isa = XCConfigurationList;
			buildConfigurations = (
				56859DB52712238F00091DBD /* Debug */,
				56859DB62712238F00091DBD /* Release */,
			);
			defaultConfigurationIsVisible = 0;
			defaultConfigurationName = Release;
		};
/* End XCConfigurationList section */
	};
	rootObject = 56859D982712238D00091DBD /* Project object */;
}
