// !$*UTF8*$!
{
	archiveVersion = 1;
	classes = {
	};
	objectVersion = 56;
	objects = {

/* Begin PBXBuildFile section */
		08DC791F29618EAC001A02AB /* AppDelegate.swift in Sources */ = {isa = PBXBuildFile; fileRef = 08DC791E29618EAC001A02AB /* AppDelegate.swift */; };
		08DC792129618EAC001A02AB /* SceneDelegate.swift in Sources */ = {isa = PBXBuildFile; fileRef = 08DC792029618EAC001A02AB /* SceneDelegate.swift */; };
		08DC792329618EAC001A02AB /* ViewController.swift in Sources */ = {isa = PBXBuildFile; fileRef = 08DC792229618EAC001A02AB /* ViewController.swift */; };
		08DC792629618EAC001A02AB /* Main.storyboard in Resources */ = {isa = PBXBuildFile; fileRef = 08DC792429618EAC001A02AB /* Main.storyboard */; };
		08DC792829618EAE001A02AB /* Assets.xcassets in Resources */ = {isa = PBXBuildFile; fileRef = 08DC792729618EAE001A02AB /* Assets.xcassets */; };
		08DC792B29618EAE001A02AB /* LaunchScreen.storyboard in Resources */ = {isa = PBXBuildFile; fileRef = 08DC792929618EAE001A02AB /* LaunchScreen.storyboard */; };
		08DC793329618EE7001A02AB /* SalatModel.swift in Sources */ = {isa = PBXBuildFile; fileRef = 08DC793229618EE7001A02AB /* SalatModel.swift */; };
		08DC793629619212001A02AB /* SalatCell.swift in Sources */ = {isa = PBXBuildFile; fileRef = 08DC793429619212001A02AB /* SalatCell.swift */; };
		08DC793929619490001A02AB /* EditViewController.swift in Sources */ = {isa = PBXBuildFile; fileRef = 08DC793829619490001A02AB /* EditViewController.swift */; };
/* End PBXBuildFile section */

/* Begin PBXFileReference section */
		08DC791B29618EAC001A02AB /* SingletonExample.app */ = {isa = PBXFileReference; explicitFileType = wrapper.application; includeInIndex = 0; path = SingletonExample.app; sourceTree = BUILT_PRODUCTS_DIR; };
		08DC791E29618EAC001A02AB /* AppDelegate.swift */ = {isa = PBXFileReference; lastKnownFileType = sourcecode.swift; path = AppDelegate.swift; sourceTree = "<group>"; };
		08DC792029618EAC001A02AB /* SceneDelegate.swift */ = {isa = PBXFileReference; lastKnownFileType = sourcecode.swift; path = SceneDelegate.swift; sourceTree = "<group>"; };
		08DC792229618EAC001A02AB /* ViewController.swift */ = {isa = PBXFileReference; lastKnownFileType = sourcecode.swift; path = ViewController.swift; sourceTree = "<group>"; };
		08DC792529618EAC001A02AB /* Base */ = {isa = PBXFileReference; lastKnownFileType = file.storyboard; name = Base; path = Base.lproj/Main.storyboard; sourceTree = "<group>"; };
		08DC792729618EAE001A02AB /* Assets.xcassets */ = {isa = PBXFileReference; lastKnownFileType = folder.assetcatalog; path = Assets.xcassets; sourceTree = "<group>"; };
		08DC792A29618EAE001A02AB /* Base */ = {isa = PBXFileReference; lastKnownFileType = file.storyboard; name = Base; path = Base.lproj/LaunchScreen.storyboard; sourceTree = "<group>"; };
		08DC792C29618EAE001A02AB /* Info.plist */ = {isa = PBXFileReference; lastKnownFileType = text.plist.xml; path = Info.plist; sourceTree = "<group>"; };
		08DC793229618EE7001A02AB /* SalatModel.swift */ = {isa = PBXFileReference; lastKnownFileType = sourcecode.swift; path = SalatModel.swift; sourceTree = "<group>"; };
		08DC793429619212001A02AB /* SalatCell.swift */ = {isa = PBXFileReference; lastKnownFileType = sourcecode.swift; path = SalatCell.swift; sourceTree = "<group>"; };
		08DC793829619490001A02AB /* EditViewController.swift */ = {isa = PBXFileReference; lastKnownFileType = sourcecode.swift; path = EditViewController.swift; sourceTree = "<group>"; };
/* End PBXFileReference section */

/* Begin PBXFrameworksBuildPhase section */
		08DC791829618EAC001A02AB /* Frameworks */ = {
			isa = PBXFrameworksBuildPhase;
			buildActionMask = 2147483647;
			files = (
			);
			runOnlyForDeploymentPostprocessing = 0;
		};
/* End PBXFrameworksBuildPhase section */

/* Begin PBXGroup section */
		08DC791229618EAC001A02AB = {
			isa = PBXGroup;
			children = (
				08DC791D29618EAC001A02AB /* SingletonExample */,
				08DC791C29618EAC001A02AB /* Products */,
			);
			sourceTree = "<group>";
		};
		08DC791C29618EAC001A02AB /* Products */ = {
			isa = PBXGroup;
			children = (
				08DC791B29618EAC001A02AB /* SingletonExample.app */,
			);
			name = Products;
			sourceTree = "<group>";
		};
		08DC791D29618EAC001A02AB /* SingletonExample */ = {
			isa = PBXGroup;
			children = (
				08DC791E29618EAC001A02AB /* AppDelegate.swift */,
				08DC792029618EAC001A02AB /* SceneDelegate.swift */,
				08DC792229618EAC001A02AB /* ViewController.swift */,
				08DC793829619490001A02AB /* EditViewController.swift */,
				08DC793229618EE7001A02AB /* SalatModel.swift */,
				08DC793429619212001A02AB /* SalatCell.swift */,
				08DC792929618EAE001A02AB /* LaunchScreen.storyboard */,
				08DC792429618EAC001A02AB /* Main.storyboard */,
				08DC792729618EAE001A02AB /* Assets.xcassets */,
				08DC792C29618EAE001A02AB /* Info.plist */,
			);
			path = SingletonExample;
			sourceTree = "<group>";
		};
/* End PBXGroup section */

/* Begin PBXNativeTarget section */
		08DC791A29618EAC001A02AB /* SingletonExample */ = {
			isa = PBXNativeTarget;
			buildConfigurationList = 08DC792F29618EAE001A02AB /* Build configuration list for PBXNativeTarget "SingletonExample" */;
			buildPhases = (
				08DC791729618EAC001A02AB /* Sources */,
				08DC791829618EAC001A02AB /* Frameworks */,
				08DC791929618EAC001A02AB /* Resources */,
			);
			buildRules = (
			);
			dependencies = (
			);
			name = SingletonExample;
			productName = SingletonExample;
			productReference = 08DC791B29618EAC001A02AB /* SingletonExample.app */;
			productType = "com.apple.product-type.application";
		};
/* End PBXNativeTarget section */

/* Begin PBXProject section */
		08DC791329618EAC001A02AB /* Project object */ = {
			isa = PBXProject;
			attributes = {
				BuildIndependentTargetsInParallel = 1;
				LastSwiftUpdateCheck = 1420;
				LastUpgradeCheck = 1420;
				TargetAttributes = {
					08DC791A29618EAC001A02AB = {
						CreatedOnToolsVersion = 14.2;
					};
				};
			};
			buildConfigurationList = 08DC791629618EAC001A02AB /* Build configuration list for PBXProject "SingletonExample" */;
			compatibilityVersion = "Xcode 14.0";
			developmentRegion = en;
			hasScannedForEncodings = 0;
			knownRegions = (
				en,
				Base,
			);
			mainGroup = 08DC791229618EAC001A02AB;
			productRefGroup = 08DC791C29618EAC001A02AB /* Products */;
			projectDirPath = "";
			projectRoot = "";
			targets = (
				08DC791A29618EAC001A02AB /* SingletonExample */,
			);
		};
/* End PBXProject section */

/* Begin PBXResourcesBuildPhase section */
		08DC791929618EAC001A02AB /* Resources */ = {
			isa = PBXResourcesBuildPhase;
			buildActionMask = 2147483647;
			files = (
				08DC792B29618EAE001A02AB /* LaunchScreen.storyboard in Resources */,
				08DC792829618EAE001A02AB /* Assets.xcassets in Resources */,
				08DC792629618EAC001A02AB /* Main.storyboard in Resources */,
			);
			runOnlyForDeploymentPostprocessing = 0;
		};
/* End PBXResourcesBuildPhase section */

/* Begin PBXSourcesBuildPhase section */
		08DC791729618EAC001A02AB /* Sources */ = {
			isa = PBXSourcesBuildPhase;
			buildActionMask = 2147483647;
			files = (
				08DC792329618EAC001A02AB /* ViewController.swift in Sources */,
				08DC793629619212001A02AB /* SalatCell.swift in Sources */,
				08DC793929619490001A02AB /* EditViewController.swift in Sources */,
				08DC793329618EE7001A02AB /* SalatModel.swift in Sources */,
				08DC791F29618EAC001A02AB /* AppDelegate.swift in Sources */,
				08DC792129618EAC001A02AB /* SceneDelegate.swift in Sources */,
			);
			runOnlyForDeploymentPostprocessing = 0;
		};
/* End PBXSourcesBuildPhase section */

/* Begin PBXVariantGroup section */
		08DC792429618EAC001A02AB /* Main.storyboard */ = {
			isa = PBXVariantGroup;
			children = (
				08DC792529618EAC001A02AB /* Base */,
			);
			name = Main.storyboard;
			sourceTree = "<group>";
		};
		08DC792929618EAE001A02AB /* LaunchScreen.storyboard */ = {
			isa = PBXVariantGroup;
			children = (
				08DC792A29618EAE001A02AB /* Base */,
			);
			name = LaunchScreen.storyboard;
			sourceTree = "<group>";
		};
/* End PBXVariantGroup section */

/* Begin XCBuildConfiguration section */
		08DC792D29618EAE001A02AB /* Debug */ = {
			isa = XCBuildConfiguration;
			buildSettings = {
				ALWAYS_SEARCH_USER_PATHS = NO;
				CLANG_ANALYZER_NONNULL = YES;
				CLANG_ANALYZER_NUMBER_OBJECT_CONVERSION = YES_AGGRESSIVE;
				CLANG_CXX_LANGUAGE_STANDARD = "gnu++20";
				CLANG_ENABLE_MODULES = YES;
				CLANG_ENABLE_OBJC_ARC = YES;
				CLANG_ENABLE_OBJC_WEAK = YES;
				CLANG_WARN_BLOCK_CAPTURE_AUTORELEASING = YES;
				CLANG_WARN_BOOL_CONVERSION = YES;
				CLANG_WARN_COMMA = YES;
				CLANG_WARN_CONSTANT_CONVERSION = YES;
				CLANG_WARN_DEPRECATED_OBJC_IMPLEMENTATIONS = YES;
				CLANG_WARN_DIRECT_OBJC_ISA_USAGE = YES_ERROR;
				CLANG_WARN_DOCUMENTATION_COMMENTS = YES;
				CLANG_WARN_EMPTY_BODY = YES;
				CLANG_WARN_ENUM_CONVERSION = YES;
				CLANG_WARN_INFINITE_RECURSION = YES;
				CLANG_WARN_INT_CONVERSION = YES;
				CLANG_WARN_NON_LITERAL_NULL_CONVERSION = YES;
				CLANG_WARN_OBJC_IMPLICIT_RETAIN_SELF = YES;
				CLANG_WARN_OBJC_LITERAL_CONVERSION = YES;
				CLANG_WARN_OBJC_ROOT_CLASS = YES_ERROR;
				CLANG_WARN_QUOTED_INCLUDE_IN_FRAMEWORK_HEADER = YES;
				CLANG_WARN_RANGE_LOOP_ANALYSIS = YES;
				CLANG_WARN_STRICT_PROTOTYPES = YES;
				CLANG_WARN_SUSPICIOUS_MOVE = YES;
				CLANG_WARN_UNGUARDED_AVAILABILITY = YES_AGGRESSIVE;
				CLANG_WARN_UNREACHABLE_CODE = YES;
				CLANG_WARN__DUPLICATE_METHOD_MATCH = YES;
				COPY_PHASE_STRIP = NO;
				DEBUG_INFORMATION_FORMAT = dwarf;
				ENABLE_STRICT_OBJC_MSGSEND = YES;
				ENABLE_TESTABILITY = YES;
				GCC_C_LANGUAGE_STANDARD = gnu11;
				GCC_DYNAMIC_NO_PIC = NO;
				GCC_NO_COMMON_BLOCKS = YES;
				GCC_OPTIMIZATION_LEVEL = 0;
				GCC_PREPROCESSOR_DEFINITIONS = (
					"DEBUG=1",
					"$(inherited)",
				);
				GCC_WARN_64_TO_32_BIT_CONVERSION = YES;
				GCC_WARN_ABOUT_RETURN_TYPE = YES_ERROR;
				GCC_WARN_UNDECLARED_SELECTOR = YES;
				GCC_WARN_UNINITIALIZED_AUTOS = YES_AGGRESSIVE;
				GCC_WARN_UNUSED_FUNCTION = YES;
				GCC_WARN_UNUSED_VARIABLE = YES;
				IPHONEOS_DEPLOYMENT_TARGET = 16.2;
				MTL_ENABLE_DEBUG_INFO = INCLUDE_SOURCE;
				MTL_FAST_MATH = YES;
				ONLY_ACTIVE_ARCH = YES;
				SDKROOT = iphoneos;
				SWIFT_ACTIVE_COMPILATION_CONDITIONS = DEBUG;
				SWIFT_OPTIMIZATION_LEVEL = "-Onone";
			};
			name = Debug;
		};
		08DC792E29618EAE001A02AB /* Release */ = {
			isa = XCBuildConfiguration;
			buildSettings = {
				ALWAYS_SEARCH_USER_PATHS = NO;
				CLANG_ANALYZER_NONNULL = YES;
				CLANG_ANALYZER_NUMBER_OBJECT_CONVERSION = YES_AGGRESSIVE;
				CLANG_CXX_LANGUAGE_STANDARD = "gnu++20";
				CLANG_ENABLE_MODULES = YES;
				CLANG_ENABLE_OBJC_ARC = YES;
				CLANG_ENABLE_OBJC_WEAK = YES;
				CLANG_WARN_BLOCK_CAPTURE_AUTORELEASING = YES;
				CLANG_WARN_BOOL_CONVERSION = YES;
				CLANG_WARN_COMMA = YES;
				CLANG_WARN_CONSTANT_CONVERSION = YES;
				CLANG_WARN_DEPRECATED_OBJC_IMPLEMENTATIONS = YES;
				CLANG_WARN_DIRECT_OBJC_ISA_USAGE = YES_ERROR;
				CLANG_WARN_DOCUMENTATION_COMMENTS = YES;
				CLANG_WARN_EMPTY_BODY = YES;
				CLANG_WARN_ENUM_CONVERSION = YES;
				CLANG_WARN_INFINITE_RECURSION = YES;
				CLANG_WARN_INT_CONVERSION = YES;
				CLANG_WARN_NON_LITERAL_NULL_CONVERSION = YES;
				CLANG_WARN_OBJC_IMPLICIT_RETAIN_SELF = YES;
				CLANG_WARN_OBJC_LITERAL_CONVERSION = YES;
				CLANG_WARN_OBJC_ROOT_CLASS = YES_ERROR;
				CLANG_WARN_QUOTED_INCLUDE_IN_FRAMEWORK_HEADER = YES;
				CLANG_WARN_RANGE_LOOP_ANALYSIS = YES;
				CLANG_WARN_STRICT_PROTOTYPES = YES;
				CLANG_WARN_SUSPICIOUS_MOVE = YES;
				CLANG_WARN_UNGUARDED_AVAILABILITY = YES_AGGRESSIVE;
				CLANG_WARN_UNREACHABLE_CODE = YES;
				CLANG_WARN__DUPLICATE_METHOD_MATCH = YES;
				COPY_PHASE_STRIP = NO;
				DEBUG_INFORMATION_FORMAT = "dwarf-with-dsym";
				ENABLE_NS_ASSERTIONS = NO;
				ENABLE_STRICT_OBJC_MSGSEND = YES;
				GCC_C_LANGUAGE_STANDARD = gnu11;
				GCC_NO_COMMON_BLOCKS = YES;
				GCC_WARN_64_TO_32_BIT_CONVERSION = YES;
				GCC_WARN_ABOUT_RETURN_TYPE = YES_ERROR;
				GCC_WARN_UNDECLARED_SELECTOR = YES;
				GCC_WARN_UNINITIALIZED_AUTOS = YES_AGGRESSIVE;
				GCC_WARN_UNUSED_FUNCTION = YES;
				GCC_WARN_UNUSED_VARIABLE = YES;
				IPHONEOS_DEPLOYMENT_TARGET = 16.2;
				MTL_ENABLE_DEBUG_INFO = NO;
				MTL_FAST_MATH = YES;
				SDKROOT = iphoneos;
				SWIFT_COMPILATION_MODE = wholemodule;
				SWIFT_OPTIMIZATION_LEVEL = "-O";
				VALIDATE_PRODUCT = YES;
			};
			name = Release;
		};
		08DC793029618EAE001A02AB /* Debug */ = {
			isa = XCBuildConfiguration;
			buildSettings = {
				ASSETCATALOG_COMPILER_APPICON_NAME = AppIcon;
				ASSETCATALOG_COMPILER_GLOBAL_ACCENT_COLOR_NAME = AccentColor;
				CODE_SIGN_STYLE = Automatic;
				CURRENT_PROJECT_VERSION = 1;
				DEVELOPMENT_TEAM = Y8WAQNS7U8;
				GENERATE_INFOPLIST_FILE = YES;
				INFOPLIST_FILE = SingletonExample/Info.plist;
				INFOPLIST_KEY_UIApplicationSupportsIndirectInputEvents = YES;
				INFOPLIST_KEY_UILaunchStoryboardName = LaunchScreen;
				INFOPLIST_KEY_UIMainStoryboardFile = Main;
				INFOPLIST_KEY_UISupportedInterfaceOrientations_iPad = "UIInterfaceOrientationPortrait UIInterfaceOrientationPortraitUpsideDown UIInterfaceOrientationLandscapeLeft UIInterfaceOrientationLandscapeRight";
				INFOPLIST_KEY_UISupportedInterfaceOrientations_iPhone = "UIInterfaceOrientationPortrait UIInterfaceOrientationLandscapeLeft UIInterfaceOrientationLandscapeRight";
				LD_RUNPATH_SEARCH_PATHS = (
					"$(inherited)",
					"@executable_path/Frameworks",
				);
				MARKETING_VERSION = 1.0;
				PRODUCT_BUNDLE_IDENTIFIER = ru.lexone.SingletonExample;
				PRODUCT_NAME = "$(TARGET_NAME)";
				SWIFT_EMIT_LOC_STRINGS = YES;
				SWIFT_VERSION = 5.0;
				TARGETED_DEVICE_FAMILY = "1,2";
			};
			name = Debug;
		};
		08DC793129618EAE001A02AB /* Release */ = {
			isa = XCBuildConfiguration;
			buildSettings = {
				ASSETCATALOG_COMPILER_APPICON_NAME = AppIcon;
				ASSETCATALOG_COMPILER_GLOBAL_ACCENT_COLOR_NAME = AccentColor;
				CODE_SIGN_STYLE = Automatic;
				CURRENT_PROJECT_VERSION = 1;
				DEVELOPMENT_TEAM = Y8WAQNS7U8;
				GENERATE_INFOPLIST_FILE = YES;
				INFOPLIST_FILE = SingletonExample/Info.plist;
				INFOPLIST_KEY_UIApplicationSupportsIndirectInputEvents = YES;
				INFOPLIST_KEY_UILaunchStoryboardName = LaunchScreen;
				INFOPLIST_KEY_UIMainStoryboardFile = Main;
				INFOPLIST_KEY_UISupportedInterfaceOrientations_iPad = "UIInterfaceOrientationPortrait UIInterfaceOrientationPortraitUpsideDown UIInterfaceOrientationLandscapeLeft UIInterfaceOrientationLandscapeRight";
				INFOPLIST_KEY_UISupportedInterfaceOrientations_iPhone = "UIInterfaceOrientationPortrait UIInterfaceOrientationLandscapeLeft UIInterfaceOrientationLandscapeRight";
				LD_RUNPATH_SEARCH_PATHS = (
					"$(inherited)",
					"@executable_path/Frameworks",
				);
				MARKETING_VERSION = 1.0;
				PRODUCT_BUNDLE_IDENTIFIER = ru.lexone.SingletonExample;
				PRODUCT_NAME = "$(TARGET_NAME)";
				SWIFT_EMIT_LOC_STRINGS = YES;
				SWIFT_VERSION = 5.0;
				TARGETED_DEVICE_FAMILY = "1,2";
			};
			name = Release;
		};
/* End XCBuildConfiguration section */

/* Begin XCConfigurationList section */
		08DC791629618EAC001A02AB /* Build configuration list for PBXProject "SingletonExample" */ = {
			isa = XCConfigurationList;
			buildConfigurations = (
				08DC792D29618EAE001A02AB /* Debug */,
				08DC792E29618EAE001A02AB /* Release */,
			);
			defaultConfigurationIsVisible = 0;
			defaultConfigurationName = Release;
		};
		08DC792F29618EAE001A02AB /* Build configuration list for PBXNativeTarget "SingletonExample" */ = {
			isa = XCConfigurationList;
			buildConfigurations = (
				08DC793029618EAE001A02AB /* Debug */,
				08DC793129618EAE001A02AB /* Release */,
			);
			defaultConfigurationIsVisible = 0;
			defaultConfigurationName = Release;
		};
/* End XCConfigurationList section */
	};
	rootObject = 08DC791329618EAC001A02AB /* Project object */;
}
